
Microsoft Visual Studio Solution File, Format Version 12.00
# Visual Studio Version 17
VisualStudioVersion = 17.8.34309.116
MinimumVisualStudioVersion = 10.0.40219.1
Project("{9A19103F-16F7-4668-BE54-9A1E7A4F7556}") = "Base", "Base\Base.csproj", "{2BA8787B-1341-4DBC-80E8-5DABA8ECBBD6}"
EndProject
Project("{FAE04EC0-301F-11D3-BF4B-00C04F79EFBC}") = "Testing", "Testing\Testing.csproj", "{66F9A122-FA30-43CD-BC3A-9A8E0637DC52}"
EndProject
Global
	GlobalSection(SolutionConfigurationPlatforms) = preSolution
		Debug|Any CPU = Debug|Any CPU
		Release|Any CPU = Release|Any CPU
	EndGlobalSection
	GlobalSection(ProjectConfigurationPlatforms) = postSolution
		{2BA8787B-1341-4DBC-80E8-5DABA8ECBBD6}.Debug|Any CPU.ActiveCfg = Debug|Any CPU
		{2BA8787B-1341-4DBC-80E8-5DABA8ECBBD6}.Debug|Any CPU.Build.0 = Debug|Any CPU
		{2BA8787B-1341-4DBC-80E8-5DABA8ECBBD6}.Release|Any CPU.ActiveCfg = Release|Any CPU
		{2BA8787B-1341-4DBC-80E8-5DABA8ECBBD6}.Release|Any CPU.Build.0 = Release|Any CPU
		{66F9A122-FA30-43CD-BC3A-9A8E0637DC52}.Debug|Any CPU.ActiveCfg = Debug|Any CPU
		{66F9A122-FA30-43CD-BC3A-9A8E0637DC52}.Debug|Any CPU.Build.0 = Debug|Any CPU
		{66F9A122-FA30-43CD-BC3A-9A8E0637DC52}.Release|Any CPU.ActiveCfg = Release|Any CPU
		{66F9A122-FA30-43CD-BC3A-9A8E0637DC52}.Release|Any CPU.Build.0 = Release|Any CPU
	EndGlobalSection
	GlobalSection(SolutionProperties) = preSolution
		HideSolutionNode = FALSE
	EndGlobalSection
	GlobalSection(ExtensibilityGlobals) = postSolution
		SolutionGuid = {9A83C8E9-0686-4229-8B34-EAA7282E47B2}
	EndGlobalSection
EndGlobal
